
Microsoft Visual Studio Solution File, Format Version 12.00
# Visual Studio Version 17
VisualStudioVersion = 17.0.31903.59
MinimumVisualStudioVersion = 10.0.40219.1
Project("{9A19103F-16F7-4668-BE54-9A1E7A4F7556}") = "AlgorithmSite", "AlgorithmSite.csproj", "{89879108-7D08-4CA1-A412-E011FF90F109}"
EndProject
Project("{9A19103F-16F7-4668-BE54-9A1E7A4F7556}") = "BubbleSort", "APISorting\BubbleSort\BubbleSort.csproj", "{3F70A100-E366-4E02-9561-6A795C5AA8B8}"
EndProject
Project("{9A19103F-16F7-4668-BE54-9A1E7A4F7556}") = "InsertionSort", "APISorting\InsertionSort\InsertionSort.csproj", "{8881084B-8F7E-4816-8C59-9C9A37B80918}"
EndProject
Project("{9A19103F-16F7-4668-BE54-9A1E7A4F7556}") = "RandomNumAPI", "APISorting\RandomNumAPI\RandomNumAPI.csproj", "{145F92BD-9ABB-4CDF-B534-9D49FC96FFE7}"
EndProject
Project("{9A19103F-16F7-4668-BE54-9A1E7A4F7556}") = "RandomWordAPI", "APISorting\RandomWordAPI\RandomWordAPI.csproj", "{621A154D-8511-4FC8-A9AF-F72BD9D2A5F3}"
EndProject
Project("{9A19103F-16F7-4668-BE54-9A1E7A4F7556}") = "SelectionSort", "APISorting\SelectionSort\SelectionSort.csproj", "{9D305A85-4BE3-41E7-9196-C929E0153E4D}"
EndProject
Project("{9A19103F-16F7-4668-BE54-9A1E7A4F7556}") = "SortAnalytics", "APISorting\SortAnalytics\SortAnalytics.csproj", "{3ACE8E1C-9BB9-464E-8560-11BE89B9D427}"
EndProject
Project("{9A19103F-16F7-4668-BE54-9A1E7A4F7556}") = "SortInterface", "APISorting\SortInterface\SortInterface.csproj", "{D69D4DE7-1A6D-4ACD-8DF1-C23DDF259756}"
EndProject
Project("{FAE04EC0-301F-11D3-BF4B-00C04F79EFBC}") = "Quicksort", "APISorting\Quicksort\Quicksort.csproj", "{07C2DE44-B12C-477A-BA86-1D0503327551}"
EndProject
Project("{FAE04EC0-301F-11D3-BF4B-00C04F79EFBC}") = "MergeSort", "APISorting\MergeSort\MergeSort.csproj", "{C33FC896-711A-4BAC-AB79-0878F05D9206}"
EndProject
Global
	GlobalSection(SolutionConfigurationPlatforms) = preSolution
		Debug|Any CPU = Debug|Any CPU
		Release|Any CPU = Release|Any CPU
	EndGlobalSection
	GlobalSection(ProjectConfigurationPlatforms) = postSolution
		{89879108-7D08-4CA1-A412-E011FF90F109}.Debug|Any CPU.ActiveCfg = Debug|Any CPU
		{89879108-7D08-4CA1-A412-E011FF90F109}.Debug|Any CPU.Build.0 = Debug|Any CPU
		{89879108-7D08-4CA1-A412-E011FF90F109}.Release|Any CPU.ActiveCfg = Release|Any CPU
		{89879108-7D08-4CA1-A412-E011FF90F109}.Release|Any CPU.Build.0 = Release|Any CPU
		{3F70A100-E366-4E02-9561-6A795C5AA8B8}.Debug|Any CPU.ActiveCfg = Release|Any CPU
		{3F70A100-E366-4E02-9561-6A795C5AA8B8}.Debug|Any CPU.Build.0 = Release|Any CPU
		{3F70A100-E366-4E02-9561-6A795C5AA8B8}.Release|Any CPU.ActiveCfg = Release|Any CPU
		{3F70A100-E366-4E02-9561-6A795C5AA8B8}.Release|Any CPU.Build.0 = Release|Any CPU
		{8881084B-8F7E-4816-8C59-9C9A37B80918}.Debug|Any CPU.ActiveCfg = Release|Any CPU
		{8881084B-8F7E-4816-8C59-9C9A37B80918}.Debug|Any CPU.Build.0 = Release|Any CPU
		{8881084B-8F7E-4816-8C59-9C9A37B80918}.Release|Any CPU.ActiveCfg = Release|Any CPU
		{8881084B-8F7E-4816-8C59-9C9A37B80918}.Release|Any CPU.Build.0 = Release|Any CPU
		{145F92BD-9ABB-4CDF-B534-9D49FC96FFE7}.Debug|Any CPU.ActiveCfg = Release|Any CPU
		{145F92BD-9ABB-4CDF-B534-9D49FC96FFE7}.Debug|Any CPU.Build.0 = Release|Any CPU
		{145F92BD-9ABB-4CDF-B534-9D49FC96FFE7}.Release|Any CPU.ActiveCfg = Release|Any CPU
		{145F92BD-9ABB-4CDF-B534-9D49FC96FFE7}.Release|Any CPU.Build.0 = Release|Any CPU
		{621A154D-8511-4FC8-A9AF-F72BD9D2A5F3}.Debug|Any CPU.ActiveCfg = Release|Any CPU
		{621A154D-8511-4FC8-A9AF-F72BD9D2A5F3}.Debug|Any CPU.Build.0 = Release|Any CPU
		{621A154D-8511-4FC8-A9AF-F72BD9D2A5F3}.Release|Any CPU.ActiveCfg = Release|Any CPU
		{621A154D-8511-4FC8-A9AF-F72BD9D2A5F3}.Release|Any CPU.Build.0 = Release|Any CPU
		{9D305A85-4BE3-41E7-9196-C929E0153E4D}.Debug|Any CPU.ActiveCfg = Release|Any CPU
		{9D305A85-4BE3-41E7-9196-C929E0153E4D}.Debug|Any CPU.Build.0 = Release|Any CPU
		{9D305A85-4BE3-41E7-9196-C929E0153E4D}.Release|Any CPU.ActiveCfg = Release|Any CPU
		{9D305A85-4BE3-41E7-9196-C929E0153E4D}.Release|Any CPU.Build.0 = Release|Any CPU
		{3ACE8E1C-9BB9-464E-8560-11BE89B9D427}.Debug|Any CPU.ActiveCfg = Release|Any CPU
		{3ACE8E1C-9BB9-464E-8560-11BE89B9D427}.Debug|Any CPU.Build.0 = Release|Any CPU
		{3ACE8E1C-9BB9-464E-8560-11BE89B9D427}.Release|Any CPU.ActiveCfg = Release|Any CPU
		{3ACE8E1C-9BB9-464E-8560-11BE89B9D427}.Release|Any CPU.Build.0 = Release|Any CPU
		{D69D4DE7-1A6D-4ACD-8DF1-C23DDF259756}.Debug|Any CPU.ActiveCfg = Release|Any CPU
		{D69D4DE7-1A6D-4ACD-8DF1-C23DDF259756}.Debug|Any CPU.Build.0 = Release|Any CPU
		{D69D4DE7-1A6D-4ACD-8DF1-C23DDF259756}.Release|Any CPU.ActiveCfg = Release|Any CPU
		{D69D4DE7-1A6D-4ACD-8DF1-C23DDF259756}.Release|Any CPU.Build.0 = Release|Any CPU
		{07C2DE44-B12C-477A-BA86-1D0503327551}.Debug|Any CPU.ActiveCfg = Debug|Any CPU
		{07C2DE44-B12C-477A-BA86-1D0503327551}.Debug|Any CPU.Build.0 = Debug|Any CPU
		{07C2DE44-B12C-477A-BA86-1D0503327551}.Release|Any CPU.ActiveCfg = Release|Any CPU
		{07C2DE44-B12C-477A-BA86-1D0503327551}.Release|Any CPU.Build.0 = Release|Any CPU
		{C33FC896-711A-4BAC-AB79-0878F05D9206}.Debug|Any CPU.ActiveCfg = Debug|Any CPU
		{C33FC896-711A-4BAC-AB79-0878F05D9206}.Debug|Any CPU.Build.0 = Debug|Any CPU
		{C33FC896-711A-4BAC-AB79-0878F05D9206}.Release|Any CPU.ActiveCfg = Release|Any CPU
		{C33FC896-711A-4BAC-AB79-0878F05D9206}.Release|Any CPU.Build.0 = Release|Any CPU
	EndGlobalSection
	GlobalSection(SolutionProperties) = preSolution
		HideSolutionNode = FALSE
	EndGlobalSection
	GlobalSection(ExtensibilityGlobals) = postSolution
		SolutionGuid = {DED0C650-FCEA-43B6-92C1-E09534FF973F}
	EndGlobalSection
EndGlobal
